
Microsoft Visual Studio Solution File, Format Version 12.00
# Visual Studio 15
VisualStudioVersion = 15.0.28307.489
MinimumVisualStudioVersion = 10.0.40219.1
Project("{9092AA53-FB77-4645-B42D-1CCCA6BD08BD}") = "FindMe", "FindMe\FindMe.njsproj", "{86BE2B76-FE29-4FC6-B402-36C9C9CF6C7A}"
EndProject
Global
	GlobalSection(SolutionConfigurationPlatforms) = preSolution
		Debug|Any CPU = Debug|Any CPU
		Release|Any CPU = Release|Any CPU
	EndGlobalSection
	GlobalSection(ProjectConfigurationPlatforms) = postSolution
		{86BE2B76-FE29-4FC6-B402-36C9C9CF6C7A}.Debug|Any CPU.ActiveCfg = Debug|Any CPU
		{86BE2B76-FE29-4FC6-B402-36C9C9CF6C7A}.Debug|Any CPU.Build.0 = Debug|Any CPU
		{86BE2B76-FE29-4FC6-B402-36C9C9CF6C7A}.Release|Any CPU.ActiveCfg = Release|Any CPU
		{86BE2B76-FE29-4FC6-B402-36C9C9CF6C7A}.Release|Any CPU.Build.0 = Release|Any CPU
	EndGlobalSection
	GlobalSection(SolutionProperties) = preSolution
		HideSolutionNode = FALSE
	EndGlobalSection
	GlobalSection(ExtensibilityGlobals) = postSolution
		SolutionGuid = {A5D60EA8-E782-4196-B735-6A37F18D0509}
	EndGlobalSection
EndGlobal
